// !$*UTF8*$!
{
	archiveVersion = 1;
	classes = {
	};
	objectVersion = 77;
	objects = {

/* Begin PBXContainerItemProxy section */
		7A68E0902E2050DC00F435A2 /* PBXContainerItemProxy */ = {
			isa = PBXContainerItemProxy;
			containerPortal = 7A68E07A2E2050D900F435A2 /* Project object */;
			proxyType = 1;
			remoteGlobalIDString = 7A68E0812E2050D900F435A2;
			remoteInfo = "Whisper Core Demo";
		};
		7A68E09A2E2050DC00F435A2 /* PBXContainerItemProxy */ = {
			isa = PBXContainerItemProxy;
			containerPortal = 7A68E07A2E2050D900F435A2 /* Project object */;
			proxyType = 1;
			remoteGlobalIDString = 7A68E0812E2050D900F435A2;
			remoteInfo = "Whisper Core Demo";
		};
/* End PBXContainerItemProxy section */

/* Begin PBXFileReference section */
		7A68E0822E2050D900F435A2 /* Whisper Core Demo.app */ = {isa = PBXFileReference; explicitFileType = wrapper.application; includeInIndex = 0; path = "Whisper Core Demo.app"; sourceTree = BUILT_PRODUCTS_DIR; };
		7A68E08F2E2050DC00F435A2 /* Whisper Core DemoTests.xctest */ = {isa = PBXFileReference; explicitFileType = wrapper.cfbundle; includeInIndex = 0; path = "Whisper Core DemoTests.xctest"; sourceTree = BUILT_PRODUCTS_DIR; };
		7A68E0992E2050DC00F435A2 /* Whisper Core DemoUITests.xctest */ = {isa = PBXFileReference; explicitFileType = wrapper.cfbundle; includeInIndex = 0; path = "Whisper Core DemoUITests.xctest"; sourceTree = BUILT_PRODUCTS_DIR; };
/* End PBXFileReference section */

/* Begin PBXFileSystemSynchronizedRootGroup section */
		7A68E0842E2050D900F435A2 /* Whisper Core Demo */ = {
			isa = PBXFileSystemSynchronizedRootGroup;
			path = "Whisper Core Demo";
			sourceTree = "<group>";
		};
		7A68E0922E2050DC00F435A2 /* Whisper Core DemoTests */ = {
			isa = PBXFileSystemSynchronizedRootGroup;
			path = "Whisper Core DemoTests";
			sourceTree = "<group>";
		};
		7A68E09C2E2050DC00F435A2 /* Whisper Core DemoUITests */ = {
			isa = PBXFileSystemSynchronizedRootGroup;
			path = "Whisper Core DemoUITests";
			sourceTree = "<group>";
		};
/* End PBXFileSystemSynchronizedRootGroup section */

/* Begin PBXFrameworksBuildPhase section */
		7A68E07F2E2050D900F435A2 /* Frameworks */ = {
			isa = PBXFrameworksBuildPhase;
			buildActionMask = 2147483647;
			files = (
			);
			runOnlyForDeploymentPostprocessing = 0;
		};
		7A68E08C2E2050DC00F435A2 /* Frameworks */ = {
			isa = PBXFrameworksBuildPhase;
			buildActionMask = 2147483647;
			files = (
			);
			runOnlyForDeploymentPostprocessing = 0;
		};
		7A68E0962E2050DC00F435A2 /* Frameworks */ = {
			isa = PBXFrameworksBuildPhase;
			buildActionMask = 2147483647;
			files = (
			);
			runOnlyForDeploymentPostprocessing = 0;
		};
/* End PBXFrameworksBuildPhase section */

/* Begin PBXGroup section */
		7A68E0792E2050D900F435A2 = {
			isa = PBXGroup;
			children = (
				7A68E0842E2050D900F435A2 /* Whisper Core Demo */,
				7A68E0922E2050DC00F435A2 /* Whisper Core DemoTests */,
				7A68E09C2E2050DC00F435A2 /* Whisper Core DemoUITests */,
				7A68E0832E2050D900F435A2 /* Products */,
			);
			sourceTree = "<group>";
		};
		7A68E0832E2050D900F435A2 /* Products */ = {
			isa = PBXGroup;
			children = (
				7A68E0822E2050D900F435A2 /* Whisper Core Demo.app */,
				7A68E08F2E2050DC00F435A2 /* Whisper Core DemoTests.xctest */,
				7A68E0992E2050DC00F435A2 /* Whisper Core DemoUITests.xctest */,
			);
			name = Products;
			sourceTree = "<group>";
		};
/* End PBXGroup section */

/* Begin PBXNativeTarget section */
		7A68E0812E2050D900F435A2 /* Whisper Core Demo */ = {
			isa = PBXNativeTarget;
			buildConfigurationList = 7A68E0A32E2050DC00F435A2 /* Build configuration list for PBXNativeTarget "Whisper Core Demo" */;
			buildPhases = (
				7A68E07E2E2050D900F435A2 /* Sources */,
				7A68E07F2E2050D900F435A2 /* Frameworks */,
				7A68E0802E2050D900F435A2 /* Resources */,
			);
			buildRules = (
			);
			dependencies = (
			);
			fileSystemSynchronizedGroups = (
				7A68E0842E2050D900F435A2 /* Whisper Core Demo */,
			);
			name = "Whisper Core Demo";
			packageProductDependencies = (
			);
			productName = "Whisper Core Demo";
			productReference = 7A68E0822E2050D900F435A2 /* Whisper Core Demo.app */;
			productType = "com.apple.product-type.application";
		};
		7A68E08E2E2050DC00F435A2 /* Whisper Core DemoTests */ = {
			isa = PBXNativeTarget;
			buildConfigurationList = 7A68E0A62E2050DC00F435A2 /* Build configuration list for PBXNativeTarget "Whisper Core DemoTests" */;
			buildPhases = (
				7A68E08B2E2050DC00F435A2 /* Sources */,
				7A68E08C2E2050DC00F435A2 /* Frameworks */,
				7A68E08D2E2050DC00F435A2 /* Resources */,
			);
			buildRules = (
			);
			dependencies = (
				7A68E0912E2050DC00F435A2 /* PBXTargetDependency */,
			);
			fileSystemSynchronizedGroups = (
				7A68E0922E2050DC00F435A2 /* Whisper Core DemoTests */,
			);
			name = "Whisper Core DemoTests";
			packageProductDependencies = (
			);
			productName = "Whisper Core DemoTests";
			productReference = 7A68E08F2E2050DC00F435A2 /* Whisper Core DemoTests.xctest */;
			productType = "com.apple.product-type.bundle.unit-test";
		};
		7A68E0982E2050DC00F435A2 /* Whisper Core DemoUITests */ = {
			isa = PBXNativeTarget;
			buildConfigurationList = 7A68E0A92E2050DC00F435A2 /* Build configuration list for PBXNativeTarget "Whisper Core DemoUITests" */;
			buildPhases = (
				7A68E0952E2050DC00F435A2 /* Sources */,
				7A68E0962E2050DC00F435A2 /* Frameworks */,
				7A68E0972E2050DC00F435A2 /* Resources */,
			);
			buildRules = (
			);
			dependencies = (
				7A68E09B2E2050DC00F435A2 /* PBXTargetDependency */,
			);
			fileSystemSynchronizedGroups = (
				7A68E09C2E2050DC00F435A2 /* Whisper Core DemoUITests */,
			);
			name = "Whisper Core DemoUITests";
			packageProductDependencies = (
			);
			productName = "Whisper Core DemoUITests";
			productReference = 7A68E0992E2050DC00F435A2 /* Whisper Core DemoUITests.xctest */;
			productType = "com.apple.product-type.bundle.ui-testing";
		};
/* End PBXNativeTarget section */

/* Begin PBXProject section */
		7A68E07A2E2050D900F435A2 /* Project object */ = {
			isa = PBXProject;
			attributes = {
				BuildIndependentTargetsInParallel = 1;
				LastSwiftUpdateCheck = 1640;
				LastUpgradeCheck = 1640;
				TargetAttributes = {
					7A68E0812E2050D900F435A2 = {
						CreatedOnToolsVersion = 16.4;
					};
					7A68E08E2E2050DC00F435A2 = {
						CreatedOnToolsVersion = 16.4;
						TestTargetID = 7A68E0812E2050D900F435A2;
					};
					7A68E0982E2050DC00F435A2 = {
						CreatedOnToolsVersion = 16.4;
						TestTargetID = 7A68E0812E2050D900F435A2;
					};
				};
			};
			buildConfigurationList = 7A68E07D2E2050D900F435A2 /* Build configuration list for PBXProject "Whisper Core Demo" */;
			developmentRegion = en;
			hasScannedForEncodings = 0;
			knownRegions = (
				en,
				Base,
			);
			mainGroup = 7A68E0792E2050D900F435A2;
			minimizedProjectReferenceProxies = 1;
			preferredProjectObjectVersion = 77;
			productRefGroup = 7A68E0832E2050D900F435A2 /* Products */;
			projectDirPath = "";
			projectRoot = "";
			targets = (
				7A68E0812E2050D900F435A2 /* Whisper Core Demo */,
				7A68E08E2E2050DC00F435A2 /* Whisper Core DemoTests */,
				7A68E0982E2050DC00F435A2 /* Whisper Core DemoUITests */,
			);
		};
/* End PBXProject section */

/* Begin PBXResourcesBuildPhase section */
		7A68E0802E2050D900F435A2 /* Resources */ = {
			isa = PBXResourcesBuildPhase;
			buildActionMask = 2147483647;
			files = (
			);
			runOnlyForDeploymentPostprocessing = 0;
		};
		7A68E08D2E2050DC00F435A2 /* Resources */ = {
			isa = PBXResourcesBuildPhase;
			buildActionMask = 2147483647;
			files = (
			);
			runOnlyForDeploymentPostprocessing = 0;
		};
		7A68E0972E2050DC00F435A2 /* Resources */ = {
			isa = PBXResourcesBuildPhase;
			buildActionMask = 2147483647;
			files = (
			);
			runOnlyForDeploymentPostprocessing = 0;
		};
/* End PBXResourcesBuildPhase section */

/* Begin PBXSourcesBuildPhase section */
		7A68E07E2E2050D900F435A2 /* Sources */ = {
			isa = PBXSourcesBuildPhase;
			buildActionMask = 2147483647;
			files = (
			);
			runOnlyForDeploymentPostprocessing = 0;
		};
		7A68E08B2E2050DC00F435A2 /* Sources */ = {
			isa = PBXSourcesBuildPhase;
			buildActionMask = 2147483647;
			files = (
			);
			runOnlyForDeploymentPostprocessing = 0;
		};
		7A68E0952E2050DC00F435A2 /* Sources */ = {
			isa = PBXSourcesBuildPhase;
			buildActionMask = 2147483647;
			files = (
			);
			runOnlyForDeploymentPostprocessing = 0;
		};
/* End PBXSourcesBuildPhase section */

/* Begin PBXTargetDependency section */
		7A68E0912E2050DC00F435A2 /* PBXTargetDependency */ = {
			isa = PBXTargetDependency;
			target = 7A68E0812E2050D900F435A2 /* Whisper Core Demo */;
			targetProxy = 7A68E0902E2050DC00F435A2 /* PBXContainerItemProxy */;
		};
		7A68E09B2E2050DC00F435A2 /* PBXTargetDependency */ = {
			isa = PBXTargetDependency;
			target = 7A68E0812E2050D900F435A2 /* Whisper Core Demo */;
			targetProxy = 7A68E09A2E2050DC00F435A2 /* PBXContainerItemProxy */;
		};
/* End PBXTargetDependency section */

/* Begin XCBuildConfiguration section */
		7A68E0A12E2050DC00F435A2 /* Debug */ = {
			isa = XCBuildConfiguration;
			buildSettings = {
				ALWAYS_SEARCH_USER_PATHS = NO;
				ASSETCATALOG_COMPILER_GENERATE_SWIFT_ASSET_SYMBOL_EXTENSIONS = YES;
				CLANG_ANALYZER_NONNULL = YES;
				CLANG_ANALYZER_NUMBER_OBJECT_CONVERSION = YES_AGGRESSIVE;
				CLANG_CXX_LANGUAGE_STANDARD = "gnu++20";
				CLANG_ENABLE_MODULES = YES;
				CLANG_ENABLE_OBJC_ARC = YES;
				CLANG_ENABLE_OBJC_WEAK = YES;
				CLANG_WARN_BLOCK_CAPTURE_AUTORELEASING = YES;
				CLANG_WARN_BOOL_CONVERSION = YES;
				CLANG_WARN_COMMA = YES;
				CLANG_WARN_CONSTANT_CONVERSION = YES;
				CLANG_WARN_DEPRECATED_OBJC_IMPLEMENTATIONS = YES;
				CLANG_WARN_DIRECT_OBJC_ISA_USAGE = YES_ERROR;
				CLANG_WARN_DOCUMENTATION_COMMENTS = YES;
				CLANG_WARN_EMPTY_BODY = YES;
				CLANG_WARN_ENUM_CONVERSION = YES;
				CLANG_WARN_INFINITE_RECURSION = YES;
				CLANG_WARN_INT_CONVERSION = YES;
				CLANG_WARN_NON_LITERAL_NULL_CONVERSION = YES;
				CLANG_WARN_OBJC_IMPLICIT_RETAIN_SELF = YES;
				CLANG_WARN_OBJC_LITERAL_CONVERSION = YES;
				CLANG_WARN_OBJC_ROOT_CLASS = YES_ERROR;
				CLANG_WARN_QUOTED_INCLUDE_IN_FRAMEWORK_HEADER = YES;
				CLANG_WARN_RANGE_LOOP_ANALYSIS = YES;
				CLANG_WARN_STRICT_PROTOTYPES = YES;
				CLANG_WARN_SUSPICIOUS_MOVE = YES;
				CLANG_WARN_UNGUARDED_AVAILABILITY = YES_AGGRESSIVE;
				CLANG_WARN_UNREACHABLE_CODE = YES;
				CLANG_WARN__DUPLICATE_METHOD_MATCH = YES;
				COPY_PHASE_STRIP = NO;
				DEBUG_INFORMATION_FORMAT = dwarf;
				DEVELOPMENT_TEAM = V3GFNATBC5;
				ENABLE_STRICT_OBJC_MSGSEND = YES;
				ENABLE_TESTABILITY = YES;
				ENABLE_USER_SCRIPT_SANDBOXING = YES;
				GCC_C_LANGUAGE_STANDARD = gnu17;
				GCC_DYNAMIC_NO_PIC = NO;
				GCC_NO_COMMON_BLOCKS = YES;
				GCC_OPTIMIZATION_LEVEL = 0;
				GCC_PREPROCESSOR_DEFINITIONS = (
					"DEBUG=1",
					"$(inherited)",
				);
				GCC_WARN_64_TO_32_BIT_CONVERSION = YES;
				GCC_WARN_ABOUT_RETURN_TYPE = YES_ERROR;
				GCC_WARN_UNDECLARED_SELECTOR = YES;
				GCC_WARN_UNINITIALIZED_AUTOS = YES_AGGRESSIVE;
				GCC_WARN_UNUSED_FUNCTION = YES;
				GCC_WARN_UNUSED_VARIABLE = YES;
				IPHONEOS_DEPLOYMENT_TARGET = 18.5;
				LOCALIZATION_PREFERS_STRING_CATALOGS = YES;
				MTL_ENABLE_DEBUG_INFO = INCLUDE_SOURCE;
				MTL_FAST_MATH = YES;
				ONLY_ACTIVE_ARCH = YES;
				SDKROOT = iphoneos;
				SWIFT_ACTIVE_COMPILATION_CONDITIONS = "DEBUG $(inherited)";
				SWIFT_OPTIMIZATION_LEVEL = "-Onone";
			};
			name = Debug;
		};
		7A68E0A22E2050DC00F435A2 /* Release */ = {
			isa = XCBuildConfiguration;
			buildSettings = {
				ALWAYS_SEARCH_USER_PATHS = NO;
				ASSETCATALOG_COMPILER_GENERATE_SWIFT_ASSET_SYMBOL_EXTENSIONS = YES;
				CLANG_ANALYZER_NONNULL = YES;
				CLANG_ANALYZER_NUMBER_OBJECT_CONVERSION = YES_AGGRESSIVE;
				CLANG_CXX_LANGUAGE_STANDARD = "gnu++20";
				CLANG_ENABLE_MODULES = YES;
				CLANG_ENABLE_OBJC_ARC = YES;
				CLANG_ENABLE_OBJC_WEAK = YES;
				CLANG_WARN_BLOCK_CAPTURE_AUTORELEASING = YES;
				CLANG_WARN_BOOL_CONVERSION = YES;
				CLANG_WARN_COMMA = YES;
				CLANG_WARN_CONSTANT_CONVERSION = YES;
				CLANG_WARN_DEPRECATED_OBJC_IMPLEMENTATIONS = YES;
				CLANG_WARN_DIRECT_OBJC_ISA_USAGE = YES_ERROR;
				CLANG_WARN_DOCUMENTATION_COMMENTS = YES;
				CLANG_WARN_EMPTY_BODY = YES;
				CLANG_WARN_ENUM_CONVERSION = YES;
				CLANG_WARN_INFINITE_RECURSION = YES;
				CLANG_WARN_INT_CONVERSION = YES;
				CLANG_WARN_NON_LITERAL_NULL_CONVERSION = YES;
				CLANG_WARN_OBJC_IMPLICIT_RETAIN_SELF = YES;
				CLANG_WARN_OBJC_LITERAL_CONVERSION = YES;
				CLANG_WARN_OBJC_ROOT_CLASS = YES_ERROR;
				CLANG_WARN_QUOTED_INCLUDE_IN_FRAMEWORK_HEADER = YES;
				CLANG_WARN_RANGE_LOOP_ANALYSIS = YES;
				CLANG_WARN_STRICT_PROTOTYPES = YES;
				CLANG_WARN_SUSPICIOUS_MOVE = YES;
				CLANG_WARN_UNGUARDED_AVAILABILITY = YES_AGGRESSIVE;
				CLANG_WARN_UNREACHABLE_CODE = YES;
				CLANG_WARN__DUPLICATE_METHOD_MATCH = YES;
				COPY_PHASE_STRIP = NO;
				DEBUG_INFORMATION_FORMAT = "dwarf-with-dsym";
				DEVELOPMENT_TEAM = V3GFNATBC5;
				ENABLE_NS_ASSERTIONS = NO;
				ENABLE_STRICT_OBJC_MSGSEND = YES;
				ENABLE_USER_SCRIPT_SANDBOXING = YES;
				GCC_C_LANGUAGE_STANDARD = gnu17;
				GCC_NO_COMMON_BLOCKS = YES;
				GCC_WARN_64_TO_32_BIT_CONVERSION = YES;
				GCC_WARN_ABOUT_RETURN_TYPE = YES_ERROR;
				GCC_WARN_UNDECLARED_SELECTOR = YES;
				GCC_WARN_UNINITIALIZED_AUTOS = YES_AGGRESSIVE;
				GCC_WARN_UNUSED_FUNCTION = YES;
				GCC_WARN_UNUSED_VARIABLE = YES;
				IPHONEOS_DEPLOYMENT_TARGET = 18.5;
				LOCALIZATION_PREFERS_STRING_CATALOGS = YES;
				MTL_ENABLE_DEBUG_INFO = NO;
				MTL_FAST_MATH = YES;
				SDKROOT = iphoneos;
				SWIFT_COMPILATION_MODE = wholemodule;
				VALIDATE_PRODUCT = YES;
			};
			name = Release;
		};
		7A68E0A42E2050DC00F435A2 /* Debug */ = {
			isa = XCBuildConfiguration;
			buildSettings = {
				ASSETCATALOG_COMPILER_APPICON_NAME = AppIcon;
				ASSETCATALOG_COMPILER_GLOBAL_ACCENT_COLOR_NAME = AccentColor;
				CODE_SIGN_STYLE = Automatic;
				CURRENT_PROJECT_VERSION = 1;
				DEVELOPMENT_TEAM = V3GFNATBC5;
				ENABLE_PREVIEWS = YES;
				GENERATE_INFOPLIST_FILE = YES;
				INFOPLIST_KEY_UIApplicationSceneManifest_Generation = YES;
				INFOPLIST_KEY_UIApplicationSupportsIndirectInputEvents = YES;
				INFOPLIST_KEY_UILaunchScreen_Generation = YES;
				INFOPLIST_KEY_UISupportedInterfaceOrientations_iPad = "UIInterfaceOrientationPortrait UIInterfaceOrientationPortraitUpsideDown UIInterfaceOrientationLandscapeLeft UIInterfaceOrientationLandscapeRight";
				INFOPLIST_KEY_UISupportedInterfaceOrientations_iPhone = "UIInterfaceOrientationPortrait UIInterfaceOrientationLandscapeLeft UIInterfaceOrientationLandscapeRight";
				LD_RUNPATH_SEARCH_PATHS = (
					"$(inherited)",
					"@executable_path/Frameworks",
				);
				MARKETING_VERSION = 1.0;
				PRODUCT_BUNDLE_IDENTIFIER = "com.redravencomputing.Whisper-Core-Demo";
				PRODUCT_NAME = "$(TARGET_NAME)";
				SWIFT_EMIT_LOC_STRINGS = YES;
				SWIFT_VERSION = 5.0;
				TARGETED_DEVICE_FAMILY = "1,2";
			};
			name = Debug;
		};
		7A68E0A52E2050DC00F435A2 /* Release */ = {
			isa = XCBuildConfiguration;
			buildSettings = {
				ASSETCATALOG_COMPILER_APPICON_NAME = AppIcon;
				ASSETCATALOG_COMPILER_GLOBAL_ACCENT_COLOR_NAME = AccentColor;
				CODE_SIGN_STYLE = Automatic;
				CURRENT_PROJECT_VERSION = 1;
				DEVELOPMENT_TEAM = V3GFNATBC5;
				ENABLE_PREVIEWS = YES;
				GENERATE_INFOPLIST_FILE = YES;
				INFOPLIST_KEY_UIApplicationSceneManifest_Generation = YES;
				INFOPLIST_KEY_UIApplicationSupportsIndirectInputEvents = YES;
				INFOPLIST_KEY_UILaunchScreen_Generation = YES;
				INFOPLIST_KEY_UISupportedInterfaceOrientations_iPad = "UIInterfaceOrientationPortrait UIInterfaceOrientationPortraitUpsideDown UIInterfaceOrientationLandscapeLeft UIInterfaceOrientationLandscapeRight";
				INFOPLIST_KEY_UISupportedInterfaceOrientations_iPhone = "UIInterfaceOrientationPortrait UIInterfaceOrientationLandscapeLeft UIInterfaceOrientationLandscapeRight";
				LD_RUNPATH_SEARCH_PATHS = (
					"$(inherited)",
					"@executable_path/Frameworks",
				);
				MARKETING_VERSION = 1.0;
				PRODUCT_BUNDLE_IDENTIFIER = "com.redravencomputing.Whisper-Core-Demo";
				PRODUCT_NAME = "$(TARGET_NAME)";
				SWIFT_EMIT_LOC_STRINGS = YES;
				SWIFT_VERSION = 5.0;
				TARGETED_DEVICE_FAMILY = "1,2";
			};
			name = Release;
		};
		7A68E0A72E2050DC00F435A2 /* Debug */ = {
			isa = XCBuildConfiguration;
			buildSettings = {
				BUNDLE_LOADER = "$(TEST_HOST)";
				CODE_SIGN_STYLE = Automatic;
				CURRENT_PROJECT_VERSION = 1;
				DEVELOPMENT_TEAM = V3GFNATBC5;
				GENERATE_INFOPLIST_FILE = YES;
				IPHONEOS_DEPLOYMENT_TARGET = 18.5;
				MARKETING_VERSION = 1.0;
				PRODUCT_BUNDLE_IDENTIFIER = "com.redravencomputing.Whisper-Core-DemoTests";
				PRODUCT_NAME = "$(TARGET_NAME)";
				SWIFT_EMIT_LOC_STRINGS = NO;
				SWIFT_VERSION = 5.0;
				TARGETED_DEVICE_FAMILY = "1,2";
				TEST_HOST = "$(BUILT_PRODUCTS_DIR)/Whisper Core Demo.app/$(BUNDLE_EXECUTABLE_FOLDER_PATH)/Whisper Core Demo";
			};
			name = Debug;
		};
		7A68E0A82E2050DC00F435A2 /* Release */ = {
			isa = XCBuildConfiguration;
			buildSettings = {
				BUNDLE_LOADER = "$(TEST_HOST)";
				CODE_SIGN_STYLE = Automatic;
				CURRENT_PROJECT_VERSION = 1;
				DEVELOPMENT_TEAM = V3GFNATBC5;
				GENERATE_INFOPLIST_FILE = YES;
				IPHONEOS_DEPLOYMENT_TARGET = 18.5;
				MARKETING_VERSION = 1.0;
				PRODUCT_BUNDLE_IDENTIFIER = "com.redravencomputing.Whisper-Core-DemoTests";
				PRODUCT_NAME = "$(TARGET_NAME)";
				SWIFT_EMIT_LOC_STRINGS = NO;
				SWIFT_VERSION = 5.0;
				TARGETED_DEVICE_FAMILY = "1,2";
				TEST_HOST = "$(BUILT_PRODUCTS_DIR)/Whisper Core Demo.app/$(BUNDLE_EXECUTABLE_FOLDER_PATH)/Whisper Core Demo";
			};
			name = Release;
		};
		7A68E0AA2E2050DC00F435A2 /* Debug */ = {
			isa = XCBuildConfiguration;
			buildSettings = {
				CODE_SIGN_STYLE = Automatic;
				CURRENT_PROJECT_VERSION = 1;
				DEVELOPMENT_TEAM = V3GFNATBC5;
				GENERATE_INFOPLIST_FILE = YES;
				MARKETING_VERSION = 1.0;
				PRODUCT_BUNDLE_IDENTIFIER = "com.redravencomputing.Whisper-Core-DemoUITests";
				PRODUCT_NAME = "$(TARGET_NAME)";
				SWIFT_EMIT_LOC_STRINGS = NO;
				SWIFT_VERSION = 5.0;
				TARGETED_DEVICE_FAMILY = "1,2";
				TEST_TARGET_NAME = "Whisper Core Demo";
			};
			name = Debug;
		};
		7A68E0AB2E2050DC00F435A2 /* Release */ = {
			isa = XCBuildConfiguration;
			buildSettings = {
				CODE_SIGN_STYLE = Automatic;
				CURRENT_PROJECT_VERSION = 1;
				DEVELOPMENT_TEAM = V3GFNATBC5;
				GENERATE_INFOPLIST_FILE = YES;
				MARKETING_VERSION = 1.0;
				PRODUCT_BUNDLE_IDENTIFIER = "com.redravencomputing.Whisper-Core-DemoUITests";
				PRODUCT_NAME = "$(TARGET_NAME)";
				SWIFT_EMIT_LOC_STRINGS = NO;
				SWIFT_VERSION = 5.0;
				TARGETED_DEVICE_FAMILY = "1,2";
				TEST_TARGET_NAME = "Whisper Core Demo";
			};
			name = Release;
		};
/* End XCBuildConfiguration section */

/* Begin XCConfigurationList section */
		7A68E07D2E2050D900F435A2 /* Build configuration list for PBXProject "Whisper Core Demo" */ = {
			isa = XCConfigurationList;
			buildConfigurations = (
				7A68E0A12E2050DC00F435A2 /* Debug */,
				7A68E0A22E2050DC00F435A2 /* Release */,
			);
			defaultConfigurationIsVisible = 0;
			defaultConfigurationName = Release;
		};
		7A68E0A32E2050DC00F435A2 /* Build configuration list for PBXNativeTarget "Whisper Core Demo" */ = {
			isa = XCConfigurationList;
			buildConfigurations = (
				7A68E0A42E2050DC00F435A2 /* Debug */,
				7A68E0A52E2050DC00F435A2 /* Release */,
			);
			defaultConfigurationIsVisible = 0;
			defaultConfigurationName = Release;
		};
		7A68E0A62E2050DC00F435A2 /* Build configuration list for PBXNativeTarget "Whisper Core DemoTests" */ = {
			isa = XCConfigurationList;
			buildConfigurations = (
				7A68E0A72E2050DC00F435A2 /* Debug */,
				7A68E0A82E2050DC00F435A2 /* Release */,
			);
			defaultConfigurationIsVisible = 0;
			defaultConfigurationName = Release;
		};
		7A68E0A92E2050DC00F435A2 /* Build configuration list for PBXNativeTarget "Whisper Core DemoUITests" */ = {
			isa = XCConfigurationList;
			buildConfigurations = (
				7A68E0AA2E2050DC00F435A2 /* Debug */,
				7A68E0AB2E2050DC00F435A2 /* Release */,
			);
			defaultConfigurationIsVisible = 0;
			defaultConfigurationName = Release;
		};
/* End XCConfigurationList section */
	};
	rootObject = 7A68E07A2E2050D900F435A2 /* Project object */;
}
